{
  "name": "converter-app",
  "version": "0.1.0",
  "lockfileVersion": 3,
  "requires": true,
  "packages": {
    "": {
      "name": "converter-app",
      "version": "0.1.0",
      "hasInstallScript": true,
      "license": "MIT",
      "dependencies": {
        "ffmpeg-static-electron": "^2.0.3",
        "ffprobe-static-electron": "^2.0.2"
      }
    },
    "node_modules/ffmpeg-static-electron": {
      "version": "2.0.3",
      "resolved": "https://registry.npmjs.org/ffmpeg-static-electron/-/ffmpeg-static-electron-2.0.3.tgz",
      "integrity": "sha512-VGix5A0LTM6RHgwkFvL5x+c5m4WfacBFeuw7Twq1gVrYRgLHOVpawOmydmWbrRz58LVO7ao00P2EDjb7ZmE5rg=="
    },
    "node_modules/ffprobe-static-electron": {
      "version": "2.0.2",
      "resolved": "https://registry.npmjs.org/ffprobe-static-electron/-/ffprobe-static-electron-2.0.2.tgz",
      "integrity": "sha512-HtEUZ7qpi5WcbgnI7m0slS6qzjoKnlqfxW6Yx7cWV75hRhkWnwlhq0mVAyWtRm2hujMm2/8sfhq1A/8RC6A0GQ=="
    }
  }
}
